
Microsoft Visual Studio Solution File, Format Version 12.00
# Visual Studio Version 17
VisualStudioVersion = 17.9.34728.123
MinimumVisualStudioVersion = 10.0.40219.1
Project("{FAE04EC0-301F-11D3-BF4B-00C04F79EFBC}") = "ChallengeLabsWeek4.3", "ChallengeLabsWeek4.3.csproj", "{A119A328-9804-40EF-9786-2A285A7F90E9}"
EndProject
Global
	GlobalSection(SolutionConfigurationPlatforms) = preSolution
		Debug|Any CPU = Debug|Any CPU
		Release|Any CPU = Release|Any CPU
	EndGlobalSection
	GlobalSection(ProjectConfigurationPlatforms) = postSolution
		{A119A328-9804-40EF-9786-2A285A7F90E9}.Debug|Any CPU.ActiveCfg = Debug|Any CPU
		{A119A328-9804-40EF-9786-2A285A7F90E9}.Debug|Any CPU.Build.0 = Debug|Any CPU
		{A119A328-9804-40EF-9786-2A285A7F90E9}.Release|Any CPU.ActiveCfg = Release|Any CPU
		{A119A328-9804-40EF-9786-2A285A7F90E9}.Release|Any CPU.Build.0 = Release|Any CPU
	EndGlobalSection
	GlobalSection(SolutionProperties) = preSolution
		HideSolutionNode = FALSE
	EndGlobalSection
	GlobalSection(ExtensibilityGlobals) = postSolution
		SolutionGuid = {E4A74D73-C308-4F84-B553-5EA7B26DDA5D}
	EndGlobalSection
EndGlobal
